// !$*UTF8*$!
{
	archiveVersion = 1;
	classes = {
	};
	objectVersion = 46;
	objects = {

/* Begin PBXBuildFile section */
		08DB0CE2192CAF9F005CFE13 /* Foundation.framework in Frameworks */ = {isa = PBXBuildFile; fileRef = 08DB0CE1192CAF9F005CFE13 /* Foundation.framework */; };
		08DB0CE4192CAF9F005CFE13 /* CoreGraphics.framework in Frameworks */ = {isa = PBXBuildFile; fileRef = 08DB0CE3192CAF9F005CFE13 /* CoreGraphics.framework */; };
		08DB0CE6192CAF9F005CFE13 /* UIKit.framework in Frameworks */ = {isa = PBXBuildFile; fileRef = 08DB0CE5192CAF9F005CFE13 /* UIKit.framework */; };
		08DB0CEC192CAF9F005CFE13 /* InfoPlist.strings in Resources */ = {isa = PBXBuildFile; fileRef = 08DB0CEA192CAF9F005CFE13 /* InfoPlist.strings */; };
		08DB0CEE192CAF9F005CFE13 /* main.m in Sources */ = {isa = PBXBuildFile; fileRef = 08DB0CED192CAF9F005CFE13 /* main.m */; };
		08DB0CF2192CAF9F005CFE13 /* UKAppDelegate.m in Sources */ = {isa = PBXBuildFile; fileRef = 08DB0CF1192CAF9F005CFE13 /* UKAppDelegate.m */; };
		08DB0CF5192CAF9F005CFE13 /* Main.storyboard in Resources */ = {isa = PBXBuildFile; fileRef = 08DB0CF3192CAF9F005CFE13 /* Main.storyboard */; };
		08DB0CF8192CAF9F005CFE13 /* UKViewController.m in Sources */ = {isa = PBXBuildFile; fileRef = 08DB0CF7192CAF9F005CFE13 /* UKViewController.m */; };
		08DB0CFA192CAF9F005CFE13 /* Images.xcassets in Resources */ = {isa = PBXBuildFile; fileRef = 08DB0CF9192CAF9F005CFE13 /* Images.xcassets */; };
		08DB0D01192CAFA0005CFE13 /* XCTest.framework in Frameworks */ = {isa = PBXBuildFile; fileRef = 08DB0D00192CAFA0005CFE13 /* XCTest.framework */; };
		08DB0D02192CAFA0005CFE13 /* Foundation.framework in Frameworks */ = {isa = PBXBuildFile; fileRef = 08DB0CE1192CAF9F005CFE13 /* Foundation.framework */; };
		08DB0D03192CAFA0005CFE13 /* UIKit.framework in Frameworks */ = {isa = PBXBuildFile; fileRef = 08DB0CE5192CAF9F005CFE13 /* UIKit.framework */; };
		08DB0D0B192CAFA0005CFE13 /* InfoPlist.strings in Resources */ = {isa = PBXBuildFile; fileRef = 08DB0D09192CAFA0005CFE13 /* InfoPlist.strings */; };
		08DB0D0D192CAFA0005CFE13 /* TransparentModalViewTests.m in Sources */ = {isa = PBXBuildFile; fileRef = 08DB0D0C192CAFA0005CFE13 /* TransparentModalViewTests.m */; };
		08DB0D19192CB23B005CFE13 /* UKCustomModalSegue.m in Sources */ = {isa = PBXBuildFile; fileRef = 08DB0D18192CB23B005CFE13 /* UKCustomModalSegue.m */; };
		08DB0D1C192CBECA005CFE13 /* UKModalViewController.m in Sources */ = {isa = PBXBuildFile; fileRef = 08DB0D1B192CBECA005CFE13 /* UKModalViewController.m */; };
		08DB0D20192CC8C0005CFE13 /* UKModalTransitioningViewController.m in Sources */ = {isa = PBXBuildFile; fileRef = 08DB0D1F192CC8C0005CFE13 /* UKModalTransitioningViewController.m */; };
		08DB0D24192CC8FE005CFE13 /* UKModalTransitioningDelegate.m in Sources */ = {isa = PBXBuildFile; fileRef = 08DB0D23192CC8FE005CFE13 /* UKModalTransitioningDelegate.m */; };
/* End PBXBuildFile section */

/* Begin PBXContainerItemProxy section */
		08DB0D04192CAFA0005CFE13 /* PBXContainerItemProxy */ = {
			isa = PBXContainerItemProxy;
			containerPortal = 08DB0CD6192CAF9F005CFE13 /* Project object */;
			proxyType = 1;
			remoteGlobalIDString = 08DB0CDD192CAF9F005CFE13;
			remoteInfo = TransparentModalView;
		};
/* End PBXContainerItemProxy section */

/* Begin PBXFileReference section */
		08DB0CDE192CAF9F005CFE13 /* TransparentModalView.app */ = {isa = PBXFileReference; explicitFileType = wrapper.application; includeInIndex = 0; path = TransparentModalView.app; sourceTree = BUILT_PRODUCTS_DIR; };
		08DB0CE1192CAF9F005CFE13 /* Foundation.framework */ = {isa = PBXFileReference; lastKnownFileType = wrapper.framework; name = Foundation.framework; path = System/Library/Frameworks/Foundation.framework; sourceTree = SDKROOT; };
		08DB0CE3192CAF9F005CFE13 /* CoreGraphics.framework */ = {isa = PBXFileReference; lastKnownFileType = wrapper.framework; name = CoreGraphics.framework; path = System/Library/Frameworks/CoreGraphics.framework; sourceTree = SDKROOT; };
		08DB0CE5192CAF9F005CFE13 /* UIKit.framework */ = {isa = PBXFileReference; lastKnownFileType = wrapper.framework; name = UIKit.framework; path = System/Library/Frameworks/UIKit.framework; sourceTree = SDKROOT; };
		08DB0CE9192CAF9F005CFE13 /* TransparentModalView-Info.plist */ = {isa = PBXFileReference; lastKnownFileType = text.plist.xml; path = "TransparentModalView-Info.plist"; sourceTree = "<group>"; };
		08DB0CEB192CAF9F005CFE13 /* en */ = {isa = PBXFileReference; lastKnownFileType = text.plist.strings; name = en; path = en.lproj/InfoPlist.strings; sourceTree = "<group>"; };
		08DB0CED192CAF9F005CFE13 /* main.m */ = {isa = PBXFileReference; lastKnownFileType = sourcecode.c.objc; path = main.m; sourceTree = "<group>"; };
		08DB0CEF192CAF9F005CFE13 /* TransparentModalView-Prefix.pch */ = {isa = PBXFileReference; lastKnownFileType = sourcecode.c.h; path = "TransparentModalView-Prefix.pch"; sourceTree = "<group>"; };
		08DB0CF0192CAF9F005CFE13 /* UKAppDelegate.h */ = {isa = PBXFileReference; lastKnownFileType = sourcecode.c.h; path = UKAppDelegate.h; sourceTree = "<group>"; };
		08DB0CF1192CAF9F005CFE13 /* UKAppDelegate.m */ = {isa = PBXFileReference; lastKnownFileType = sourcecode.c.objc; path = UKAppDelegate.m; sourceTree = "<group>"; };
		08DB0CF4192CAF9F005CFE13 /* Base */ = {isa = PBXFileReference; lastKnownFileType = file.storyboard; name = Base; path = Base.lproj/Main.storyboard; sourceTree = "<group>"; };
		08DB0CF6192CAF9F005CFE13 /* UKViewController.h */ = {isa = PBXFileReference; lastKnownFileType = sourcecode.c.h; path = UKViewController.h; sourceTree = "<group>"; };
		08DB0CF7192CAF9F005CFE13 /* UKViewController.m */ = {isa = PBXFileReference; lastKnownFileType = sourcecode.c.objc; path = UKViewController.m; sourceTree = "<group>"; };
		08DB0CF9192CAF9F005CFE13 /* Images.xcassets */ = {isa = PBXFileReference; lastKnownFileType = folder.assetcatalog; path = Images.xcassets; sourceTree = "<group>"; };
		08DB0CFF192CAFA0005CFE13 /* TransparentModalViewTests.xctest */ = {isa = PBXFileReference; explicitFileType = wrapper.cfbundle; includeInIndex = 0; path = TransparentModalViewTests.xctest; sourceTree = BUILT_PRODUCTS_DIR; };
		08DB0D00192CAFA0005CFE13 /* XCTest.framework */ = {isa = PBXFileReference; lastKnownFileType = wrapper.framework; name = XCTest.framework; path = Library/Frameworks/XCTest.framework; sourceTree = DEVELOPER_DIR; };
		08DB0D08192CAFA0005CFE13 /* TransparentModalViewTests-Info.plist */ = {isa = PBXFileReference; lastKnownFileType = text.plist.xml; path = "TransparentModalViewTests-Info.plist"; sourceTree = "<group>"; };
		08DB0D0A192CAFA0005CFE13 /* en */ = {isa = PBXFileReference; lastKnownFileType = text.plist.strings; name = en; path = en.lproj/InfoPlist.strings; sourceTree = "<group>"; };
		08DB0D0C192CAFA0005CFE13 /* TransparentModalViewTests.m */ = {isa = PBXFileReference; lastKnownFileType = sourcecode.c.objc; path = TransparentModalViewTests.m; sourceTree = "<group>"; };
		08DB0D17192CB23B005CFE13 /* UKCustomModalSegue.h */ = {isa = PBXFileReference; fileEncoding = 4; lastKnownFileType = sourcecode.c.h; path = UKCustomModalSegue.h; sourceTree = "<group>"; };
		08DB0D18192CB23B005CFE13 /* UKCustomModalSegue.m */ = {isa = PBXFileReference; fileEncoding = 4; lastKnownFileType = sourcecode.c.objc; path = UKCustomModalSegue.m; sourceTree = "<group>"; };
		08DB0D1A192CBECA005CFE13 /* UKModalViewController.h */ = {isa = PBXFileReference; fileEncoding = 4; lastKnownFileType = sourcecode.c.h; path = UKModalViewController.h; sourceTree = "<group>"; };
		08DB0D1B192CBECA005CFE13 /* UKModalViewController.m */ = {isa = PBXFileReference; fileEncoding = 4; lastKnownFileType = sourcecode.c.objc; path = UKModalViewController.m; sourceTree = "<group>"; };
		08DB0D1E192CC8C0005CFE13 /* UKModalTransitioningViewController.h */ = {isa = PBXFileReference; fileEncoding = 4; lastKnownFileType = sourcecode.c.h; path = UKModalTransitioningViewController.h; sourceTree = "<group>"; };
		08DB0D1F192CC8C0005CFE13 /* UKModalTransitioningViewController.m */ = {isa = PBXFileReference; fileEncoding = 4; lastKnownFileType = sourcecode.c.objc; path = UKModalTransitioningViewController.m; sourceTree = "<group>"; };
		08DB0D22192CC8FE005CFE13 /* UKModalTransitioningDelegate.h */ = {isa = PBXFileReference; fileEncoding = 4; lastKnownFileType = sourcecode.c.h; path = UKModalTransitioningDelegate.h; sourceTree = "<group>"; };
		08DB0D23192CC8FE005CFE13 /* UKModalTransitioningDelegate.m */ = {isa = PBXFileReference; fileEncoding = 4; lastKnownFileType = sourcecode.c.objc; path = UKModalTransitioningDelegate.m; sourceTree = "<group>"; };
/* End PBXFileReference section */

/* Begin PBXFrameworksBuildPhase section */
		08DB0CDB192CAF9F005CFE13 /* Frameworks */ = {
			isa = PBXFrameworksBuildPhase;
			buildActionMask = 2147483647;
			files = (
				08DB0CE4192CAF9F005CFE13 /* CoreGraphics.framework in Frameworks */,
				08DB0CE6192CAF9F005CFE13 /* UIKit.framework in Frameworks */,
				08DB0CE2192CAF9F005CFE13 /* Foundation.framework in Frameworks */,
			);
			runOnlyForDeploymentPostprocessing = 0;
		};
		08DB0CFC192CAFA0005CFE13 /* Frameworks */ = {
			isa = PBXFrameworksBuildPhase;
			buildActionMask = 2147483647;
			files = (
				08DB0D01192CAFA0005CFE13 /* XCTest.framework in Frameworks */,
				08DB0D03192CAFA0005CFE13 /* UIKit.framework in Frameworks */,
				08DB0D02192CAFA0005CFE13 /* Foundation.framework in Frameworks */,
			);
			runOnlyForDeploymentPostprocessing = 0;
		};
/* End PBXFrameworksBuildPhase section */

/* Begin PBXGroup section */
		08DB0CD5192CAF9F005CFE13 = {
			isa = PBXGroup;
			children = (
				08DB0CE7192CAF9F005CFE13 /* TransparentModalView */,
				08DB0D06192CAFA0005CFE13 /* TransparentModalViewTests */,
				08DB0CE0192CAF9F005CFE13 /* Frameworks */,
				08DB0CDF192CAF9F005CFE13 /* Products */,
			);
			sourceTree = "<group>";
		};
		08DB0CDF192CAF9F005CFE13 /* Products */ = {
			isa = PBXGroup;
			children = (
				08DB0CDE192CAF9F005CFE13 /* TransparentModalView.app */,
				08DB0CFF192CAFA0005CFE13 /* TransparentModalViewTests.xctest */,
			);
			name = Products;
			sourceTree = "<group>";
		};
		08DB0CE0192CAF9F005CFE13 /* Frameworks */ = {
			isa = PBXGroup;
			children = (
				08DB0CE1192CAF9F005CFE13 /* Foundation.framework */,
				08DB0CE3192CAF9F005CFE13 /* CoreGraphics.framework */,
				08DB0CE5192CAF9F005CFE13 /* UIKit.framework */,
				08DB0D00192CAFA0005CFE13 /* XCTest.framework */,
			);
			name = Frameworks;
			sourceTree = "<group>";
		};
		08DB0CE7192CAF9F005CFE13 /* TransparentModalView */ = {
			isa = PBXGroup;
			children = (
				08DB0D21192CC8E5005CFE13 /* Utilities */,
				08DB0D16192CB219005CFE13 /* Segue */,
				08DB0D1D192CC073005CFE13 /* View Controllers */,
				08DB0CF3192CAF9F005CFE13 /* Main.storyboard */,
				08DB0CF9192CAF9F005CFE13 /* Images.xcassets */,
				08DB0CE8192CAF9F005CFE13 /* Supporting Files */,
			);
			path = TransparentModalView;
			sourceTree = "<group>";
		};
		08DB0CE8192CAF9F005CFE13 /* Supporting Files */ = {
			isa = PBXGroup;
			children = (
				08DB0CF0192CAF9F005CFE13 /* UKAppDelegate.h */,
				08DB0CF1192CAF9F005CFE13 /* UKAppDelegate.m */,
				08DB0CE9192CAF9F005CFE13 /* TransparentModalView-Info.plist */,
				08DB0CEA192CAF9F005CFE13 /* InfoPlist.strings */,
				08DB0CED192CAF9F005CFE13 /* main.m */,
				08DB0CEF192CAF9F005CFE13 /* TransparentModalView-Prefix.pch */,
			);
			name = "Supporting Files";
			sourceTree = "<group>";
		};
		08DB0D06192CAFA0005CFE13 /* TransparentModalViewTests */ = {
			isa = PBXGroup;
			children = (
				08DB0D0C192CAFA0005CFE13 /* TransparentModalViewTests.m */,
				08DB0D07192CAFA0005CFE13 /* Supporting Files */,
			);
			path = TransparentModalViewTests;
			sourceTree = "<group>";
		};
		08DB0D07192CAFA0005CFE13 /* Supporting Files */ = {
			isa = PBXGroup;
			children = (
				08DB0D08192CAFA0005CFE13 /* TransparentModalViewTests-Info.plist */,
				08DB0D09192CAFA0005CFE13 /* InfoPlist.strings */,
			);
			name = "Supporting Files";
			sourceTree = "<group>";
		};
		08DB0D16192CB219005CFE13 /* Segue */ = {
			isa = PBXGroup;
			children = (
				08DB0D17192CB23B005CFE13 /* UKCustomModalSegue.h */,
				08DB0D18192CB23B005CFE13 /* UKCustomModalSegue.m */,
			);
			name = Segue;
			sourceTree = "<group>";
		};
		08DB0D1D192CC073005CFE13 /* View Controllers */ = {
			isa = PBXGroup;
			children = (
				08DB0CF6192CAF9F005CFE13 /* UKViewController.h */,
				08DB0CF7192CAF9F005CFE13 /* UKViewController.m */,
				08DB0D1A192CBECA005CFE13 /* UKModalViewController.h */,
				08DB0D1B192CBECA005CFE13 /* UKModalViewController.m */,
				08DB0D1E192CC8C0005CFE13 /* UKModalTransitioningViewController.h */,
				08DB0D1F192CC8C0005CFE13 /* UKModalTransitioningViewController.m */,
			);
			name = "View Controllers";
			sourceTree = "<group>";
		};
		08DB0D21192CC8E5005CFE13 /* Utilities */ = {
			isa = PBXGroup;
			children = (
				08DB0D22192CC8FE005CFE13 /* UKModalTransitioningDelegate.h */,
				08DB0D23192CC8FE005CFE13 /* UKModalTransitioningDelegate.m */,
			);
			name = Utilities;
			sourceTree = "<group>";
		};
/* End PBXGroup section */

/* Begin PBXNativeTarget section */
		08DB0CDD192CAF9F005CFE13 /* TransparentModalView */ = {
			isa = PBXNativeTarget;
			buildConfigurationList = 08DB0D10192CAFA0005CFE13 /* Build configuration list for PBXNativeTarget "TransparentModalView" */;
			buildPhases = (
				08DB0CDA192CAF9F005CFE13 /* Sources */,
				08DB0CDB192CAF9F005CFE13 /* Frameworks */,
				08DB0CDC192CAF9F005CFE13 /* Resources */,
			);
			buildRules = (
			);
			dependencies = (
			);
			name = TransparentModalView;
			productName = TransparentModalView;
			productReference = 08DB0CDE192CAF9F005CFE13 /* TransparentModalView.app */;
			productType = "com.apple.product-type.application";
		};
		08DB0CFE192CAFA0005CFE13 /* TransparentModalViewTests */ = {
			isa = PBXNativeTarget;
			buildConfigurationList = 08DB0D13192CAFA0005CFE13 /* Build configuration list for PBXNativeTarget "TransparentModalViewTests" */;
			buildPhases = (
				08DB0CFB192CAFA0005CFE13 /* Sources */,
				08DB0CFC192CAFA0005CFE13 /* Frameworks */,
				08DB0CFD192CAFA0005CFE13 /* Resources */,
			);
			buildRules = (
			);
			dependencies = (
				08DB0D05192CAFA0005CFE13 /* PBXTargetDependency */,
			);
			name = TransparentModalViewTests;
			productName = TransparentModalViewTests;
			productReference = 08DB0CFF192CAFA0005CFE13 /* TransparentModalViewTests.xctest */;
			productType = "com.apple.product-type.bundle.unit-test";
		};
/* End PBXNativeTarget section */

/* Begin PBXProject section */
		08DB0CD6192CAF9F005CFE13 /* Project object */ = {
			isa = PBXProject;
			attributes = {
				CLASSPREFIX = UK;
				LastUpgradeCheck = 0510;
				ORGANIZATIONNAME = "Untitled Kingdom";
				TargetAttributes = {
					08DB0CFE192CAFA0005CFE13 = {
						TestTargetID = 08DB0CDD192CAF9F005CFE13;
					};
				};
			};
			buildConfigurationList = 08DB0CD9192CAF9F005CFE13 /* Build configuration list for PBXProject "TransparentModalView" */;
			compatibilityVersion = "Xcode 3.2";
			developmentRegion = English;
			hasScannedForEncodings = 0;
			knownRegions = (
				en,
				Base,
			);
			mainGroup = 08DB0CD5192CAF9F005CFE13;
			productRefGroup = 08DB0CDF192CAF9F005CFE13 /* Products */;
			projectDirPath = "";
			projectRoot = "";
			targets = (
				08DB0CDD192CAF9F005CFE13 /* TransparentModalView */,
				08DB0CFE192CAFA0005CFE13 /* TransparentModalViewTests */,
			);
		};
/* End PBXProject section */

/* Begin PBXResourcesBuildPhase section */
		08DB0CDC192CAF9F005CFE13 /* Resources */ = {
			isa = PBXResourcesBuildPhase;
			buildActionMask = 2147483647;
			files = (
				08DB0CFA192CAF9F005CFE13 /* Images.xcassets in Resources */,
				08DB0CEC192CAF9F005CFE13 /* InfoPlist.strings in Resources */,
				08DB0CF5192CAF9F005CFE13 /* Main.storyboard in Resources */,
			);
			runOnlyForDeploymentPostprocessing = 0;
		};
		08DB0CFD192CAFA0005CFE13 /* Resources */ = {
			isa = PBXResourcesBuildPhase;
			buildActionMask = 2147483647;
			files = (
				08DB0D0B192CAFA0005CFE13 /* InfoPlist.strings in Resources */,
			);
			runOnlyForDeploymentPostprocessing = 0;
		};
/* End PBXResourcesBuildPhase section */

/* Begin PBXSourcesBuildPhase section */
		08DB0CDA192CAF9F005CFE13 /* Sources */ = {
			isa = PBXSourcesBuildPhase;
			buildActionMask = 2147483647;
			files = (
				08DB0D20192CC8C0005CFE13 /* UKModalTransitioningViewController.m in Sources */,
				08DB0D19192CB23B005CFE13 /* UKCustomModalSegue.m in Sources */,
				08DB0CF2192CAF9F005CFE13 /* UKAppDelegate.m in Sources */,
				08DB0D1C192CBECA005CFE13 /* UKModalViewController.m in Sources */,
				08DB0D24192CC8FE005CFE13 /* UKModalTransitioningDelegate.m in Sources */,
				08DB0CEE192CAF9F005CFE13 /* main.m in Sources */,
				08DB0CF8192CAF9F005CFE13 /* UKViewController.m in Sources */,
			);
			runOnlyForDeploymentPostprocessing = 0;
		};
		08DB0CFB192CAFA0005CFE13 /* Sources */ = {
			isa = PBXSourcesBuildPhase;
			buildActionMask = 2147483647;
			files = (
				08DB0D0D192CAFA0005CFE13 /* TransparentModalViewTests.m in Sources */,
			);
			runOnlyForDeploymentPostprocessing = 0;
		};
/* End PBXSourcesBuildPhase section */

/* Begin PBXTargetDependency section */
		08DB0D05192CAFA0005CFE13 /* PBXTargetDependency */ = {
			isa = PBXTargetDependency;
			target = 08DB0CDD192CAF9F005CFE13 /* TransparentModalView */;
			targetProxy = 08DB0D04192CAFA0005CFE13 /* PBXContainerItemProxy */;
		};
/* End PBXTargetDependency section */

/* Begin PBXVariantGroup section */
		08DB0CEA192CAF9F005CFE13 /* InfoPlist.strings */ = {
			isa = PBXVariantGroup;
			children = (
				08DB0CEB192CAF9F005CFE13 /* en */,
			);
			name = InfoPlist.strings;
			sourceTree = "<group>";
		};
		08DB0CF3192CAF9F005CFE13 /* Main.storyboard */ = {
			isa = PBXVariantGroup;
			children = (
				08DB0CF4192CAF9F005CFE13 /* Base */,
			);
			name = Main.storyboard;
			sourceTree = "<group>";
		};
		08DB0D09192CAFA0005CFE13 /* InfoPlist.strings */ = {
			isa = PBXVariantGroup;
			children = (
				08DB0D0A192CAFA0005CFE13 /* en */,
			);
			name = InfoPlist.strings;
			sourceTree = "<group>";
		};
/* End PBXVariantGroup section */

/* Begin XCBuildConfiguration section */
		08DB0D0E192CAFA0005CFE13 /* Debug */ = {
			isa = XCBuildConfiguration;
			buildSettings = {
				ALWAYS_SEARCH_USER_PATHS = NO;
				CLANG_CXX_LANGUAGE_STANDARD = "gnu++0x";
				CLANG_CXX_LIBRARY = "libc++";
				CLANG_ENABLE_MODULES = YES;
				CLANG_ENABLE_OBJC_ARC = YES;
				CLANG_WARN_BOOL_CONVERSION = YES;
				CLANG_WARN_CONSTANT_CONVERSION = YES;
				CLANG_WARN_DIRECT_OBJC_ISA_USAGE = YES_ERROR;
				CLANG_WARN_EMPTY_BODY = YES;
				CLANG_WARN_ENUM_CONVERSION = YES;
				CLANG_WARN_INT_CONVERSION = YES;
				CLANG_WARN_OBJC_ROOT_CLASS = YES_ERROR;
				CLANG_WARN__DUPLICATE_METHOD_MATCH = YES;
				"CODE_SIGN_IDENTITY[sdk=iphoneos*]" = "iPhone Developer";
				COPY_PHASE_STRIP = NO;
				GCC_C_LANGUAGE_STANDARD = gnu99;
				GCC_DYNAMIC_NO_PIC = NO;
				GCC_OPTIMIZATION_LEVEL = 0;
				GCC_PREPROCESSOR_DEFINITIONS = (
					"DEBUG=1",
					"$(inherited)",
				);
				GCC_SYMBOLS_PRIVATE_EXTERN = NO;
				GCC_WARN_64_TO_32_BIT_CONVERSION = YES;
				GCC_WARN_ABOUT_RETURN_TYPE = YES_ERROR;
				GCC_WARN_UNDECLARED_SELECTOR = YES;
				GCC_WARN_UNINITIALIZED_AUTOS = YES_AGGRESSIVE;
				GCC_WARN_UNUSED_FUNCTION = YES;
				GCC_WARN_UNUSED_VARIABLE = YES;
				IPHONEOS_DEPLOYMENT_TARGET = 7.1;
				ONLY_ACTIVE_ARCH = YES;
				SDKROOT = iphoneos;
			};
			name = Debug;
		};
		08DB0D0F192CAFA0005CFE13 /* Release */ = {
			isa = XCBuildConfiguration;
			buildSettings = {
				ALWAYS_SEARCH_USER_PATHS = NO;
				CLANG_CXX_LANGUAGE_STANDARD = "gnu++0x";
				CLANG_CXX_LIBRARY = "libc++";
				CLANG_ENABLE_MODULES = YES;
				CLANG_ENABLE_OBJC_ARC = YES;
				CLANG_WARN_BOOL_CONVERSION = YES;
				CLANG_WARN_CONSTANT_CONVERSION = YES;
				CLANG_WARN_DIRECT_OBJC_ISA_USAGE = YES_ERROR;
				CLANG_WARN_EMPTY_BODY = YES;
				CLANG_WARN_ENUM_CONVERSION = YES;
				CLANG_WARN_INT_CONVERSION = YES;
				CLANG_WARN_OBJC_ROOT_CLASS = YES_ERROR;
				CLANG_WARN__DUPLICATE_METHOD_MATCH = YES;
				"CODE_SIGN_IDENTITY[sdk=iphoneos*]" = "iPhone Developer";
				COPY_PHASE_STRIP = YES;
				ENABLE_NS_ASSERTIONS = NO;
				GCC_C_LANGUAGE_STANDARD = gnu99;
				GCC_WARN_64_TO_32_BIT_CONVERSION = YES;
				GCC_WARN_ABOUT_RETURN_TYPE = YES_ERROR;
				GCC_WARN_UNDECLARED_SELECTOR = YES;
				GCC_WARN_UNINITIALIZED_AUTOS = YES_AGGRESSIVE;
				GCC_WARN_UNUSED_FUNCTION = YES;
				GCC_WARN_UNUSED_VARIABLE = YES;
				IPHONEOS_DEPLOYMENT_TARGET = 7.1;
				SDKROOT = iphoneos;
				VALIDATE_PRODUCT = YES;
			};
			name = Release;
		};
		08DB0D11192CAFA0005CFE13 /* Debug */ = {
			isa = XCBuildConfiguration;
			buildSettings = {
				ASSETCATALOG_COMPILER_APPICON_NAME = AppIcon;
				ASSETCATALOG_COMPILER_LAUNCHIMAGE_NAME = LaunchImage;
				GCC_PRECOMPILE_PREFIX_HEADER = YES;
				GCC_PREFIX_HEADER = "TransparentModalView/TransparentModalView-Prefix.pch";
				INFOPLIST_FILE = "TransparentModalView/TransparentModalView-Info.plist";
				PRODUCT_NAME = "$(TARGET_NAME)";
				WRAPPER_EXTENSION = app;
			};
			name = Debug;
		};
		08DB0D12192CAFA0005CFE13 /* Release */ = {
			isa = XCBuildConfiguration;
			buildSettings = {
				ASSETCATALOG_COMPILER_APPICON_NAME = AppIcon;
				ASSETCATALOG_COMPILER_LAUNCHIMAGE_NAME = LaunchImage;
				GCC_PRECOMPILE_PREFIX_HEADER = YES;
				GCC_PREFIX_HEADER = "TransparentModalView/TransparentModalView-Prefix.pch";
				INFOPLIST_FILE = "TransparentModalView/TransparentModalView-Info.plist";
				PRODUCT_NAME = "$(TARGET_NAME)";
				WRAPPER_EXTENSION = app;
			};
			name = Release;
		};
		08DB0D14192CAFA0005CFE13 /* Debug */ = {
			isa = XCBuildConfiguration;
			buildSettings = {
				BUNDLE_LOADER = "$(BUILT_PRODUCTS_DIR)/TransparentModalView.app/TransparentModalView";
				FRAMEWORK_SEARCH_PATHS = (
					"$(SDKROOT)/Developer/Library/Frameworks",
					"$(inherited)",
					"$(DEVELOPER_FRAMEWORKS_DIR)",
				);
				GCC_PRECOMPILE_PREFIX_HEADER = YES;
				GCC_PREFIX_HEADER = "TransparentModalView/TransparentModalView-Prefix.pch";
				GCC_PREPROCESSOR_DEFINITIONS = (
					"DEBUG=1",
					"$(inherited)",
				);
				INFOPLIST_FILE = "TransparentModalViewTests/TransparentModalViewTests-Info.plist";
				PRODUCT_NAME = "$(TARGET_NAME)";
				TEST_HOST = "$(BUNDLE_LOADER)";
				WRAPPER_EXTENSION = xctest;
			};
			name = Debug;
		};
		08DB0D15192CAFA0005CFE13 /* Release */ = {
			isa = XCBuildConfiguration;
			buildSettings = {
				BUNDLE_LOADER = "$(BUILT_PRODUCTS_DIR)/TransparentModalView.app/TransparentModalView";
				FRAMEWORK_SEARCH_PATHS = (
					"$(SDKROOT)/Developer/Library/Frameworks",
					"$(inherited)",
					"$(DEVELOPER_FRAMEWORKS_DIR)",
				);
				GCC_PRECOMPILE_PREFIX_HEADER = YES;
				GCC_PREFIX_HEADER = "TransparentModalView/TransparentModalView-Prefix.pch";
				INFOPLIST_FILE = "TransparentModalViewTests/TransparentModalViewTests-Info.plist";
				PRODUCT_NAME = "$(TARGET_NAME)";
				TEST_HOST = "$(BUNDLE_LOADER)";
				WRAPPER_EXTENSION = xctest;
			};
			name = Release;
		};
/* End XCBuildConfiguration section */

/* Begin XCConfigurationList section */
		08DB0CD9192CAF9F005CFE13 /* Build configuration list for PBXProject "TransparentModalView" */ = {
			isa = XCConfigurationList;
			buildConfigurations = (
				08DB0D0E192CAFA0005CFE13 /* Debug */,
				08DB0D0F192CAFA0005CFE13 /* Release */,
			);
			defaultConfigurationIsVisible = 0;
			defaultConfigurationName = Release;
		};
		08DB0D10192CAFA0005CFE13 /* Build configuration list for PBXNativeTarget "TransparentModalView" */ = {
			isa = XCConfigurationList;
			buildConfigurations = (
				08DB0D11192CAFA0005CFE13 /* Debug */,
				08DB0D12192CAFA0005CFE13 /* Release */,
			);
			defaultConfigurationIsVisible = 0;
		};
		08DB0D13192CAFA0005CFE13 /* Build configuration list for PBXNativeTarget "TransparentModalViewTests" */ = {
			isa = XCConfigurationList;
			buildConfigurations = (
				08DB0D14192CAFA0005CFE13 /* Debug */,
				08DB0D15192CAFA0005CFE13 /* Release */,
			);
			defaultConfigurationIsVisible = 0;
		};
/* End XCConfigurationList section */
	};
	rootObject = 08DB0CD6192CAF9F005CFE13 /* Project object */;
}
